// !$*UTF8*$!
{
	archiveVersion = 1;
	classes = {
	};
	objectVersion = 48;
	objects = {

/* Begin PBXBuildFile section */
		7263DCA72062755500B4121B /* MUDeviceCollectionViewCell.m in Sources */ = {isa = PBXBuildFile; fileRef = 7263DCA62062755500B4121B /* MUDeviceCollectionViewCell.m */; };
		7263DCAA20635BCD00B4121B /* BaseCollectionViewCell.m in Sources */ = {isa = PBXBuildFile; fileRef = 7263DCA920635BCD00B4121B /* BaseCollectionViewCell.m */; };
		7263DCAD20639DFC00B4121B /* MUDeviceItem.m in Sources */ = {isa = PBXBuildFile; fileRef = 7263DCAC20639DFC00B4121B /* MUDeviceItem.m */; };
		7263DCB02063A0E900B4121B /* MUDevicesDataSource.m in Sources */ = {isa = PBXBuildFile; fileRef = 7263DCAF2063A0E900B4121B /* MUDevicesDataSource.m */; };
		7263DCB32065019400B4121B /* MUStepIndecatorView.m in Sources */ = {isa = PBXBuildFile; fileRef = 7263DCB22065019400B4121B /* MUStepIndecatorView.m */; };
		7278C310205BB92400606A2B /* GlobalConfigModel.m in Sources */ = {isa = PBXBuildFile; fileRef = 7278C30F205BB92400606A2B /* GlobalConfigModel.m */; };
		7278C313205BC19300606A2B /* MURegisterViewController.m in Sources */ = {isa = PBXBuildFile; fileRef = 7278C312205BC19300606A2B /* MURegisterViewController.m */; };
		7278C31B205BE06200606A2B /* Assets.xcassets in Resources */ = {isa = PBXBuildFile; fileRef = 7278C31A205BE06200606A2B /* Assets.xcassets */; };
		72DC1E1E2043A1460073A205 /* AppDelegate.m in Sources */ = {isa = PBXBuildFile; fileRef = 72DC1E1D2043A1460073A205 /* AppDelegate.m */; };
		72DC1E2C2043A1460073A205 /* LaunchScreen.storyboard in Resources */ = {isa = PBXBuildFile; fileRef = 72DC1E2A2043A1460073A205 /* LaunchScreen.storyboard */; };
		72DC1E2F2043A1460073A205 /* main.m in Sources */ = {isa = PBXBuildFile; fileRef = 72DC1E2E2043A1460073A205 /* main.m */; };
		72DC1E702043F3180073A205 /* ToastAlertView.m in Sources */ = {isa = PBXBuildFile; fileRef = 72DC1E622043F3180073A205 /* ToastAlertView.m */; };
		72DC1E712043F3180073A205 /* BaseViewController.m in Sources */ = {isa = PBXBuildFile; fileRef = 72DC1E642043F3180073A205 /* BaseViewController.m */; };
		72DC1E722043F3180073A205 /* SettingsViewController.m in Sources */ = {isa = PBXBuildFile; fileRef = 72DC1E6A2043F3180073A205 /* SettingsViewController.m */; };
		72DC1E732043F3180073A205 /* DeviceListViewController.m in Sources */ = {isa = PBXBuildFile; fileRef = 72DC1E6C2043F3180073A205 /* DeviceListViewController.m */; };
		72DC1E742043F3180073A205 /* AddDeviceViewController.m in Sources */ = {isa = PBXBuildFile; fileRef = 72DC1E6D2043F3180073A205 /* AddDeviceViewController.m */; };
		72DC1E792044034F0073A205 /* MainTabBarViewController.m in Sources */ = {isa = PBXBuildFile; fileRef = 72DC1E782044034F0073A205 /* MainTabBarViewController.m */; };
		72DC1E8C204521720073A205 /* MULoginViewController.m in Sources */ = {isa = PBXBuildFile; fileRef = 72DC1E8B204521720073A205 /* MULoginViewController.m */; };
		72DC1E9520452F980073A205 /* Localizable.strings in Resources */ = {isa = PBXBuildFile; fileRef = 72DC1E9420452F980073A205 /* Localizable.strings */; };
		72DC1E97204533A00073A205 /* InfoPlist.strings in Resources */ = {isa = PBXBuildFile; fileRef = 72DC1E96204533A00073A205 /* InfoPlist.strings */; };
		72DC1E9A204537C50073A205 /* xib.strings in Resources */ = {isa = PBXBuildFile; fileRef = 72DC1E99204537C50073A205 /* xib.strings */; };
		72DC1E9F20453B910073A205 /* MULoginModel.m in Sources */ = {isa = PBXBuildFile; fileRef = 72DC1E9E20453B910073A205 /* MULoginModel.m */; };
		8FECDCF94AF0A6D2DF91A4F1 /* libPods-MU.a in Frameworks */ = {isa = PBXBuildFile; fileRef = 1D53776C2A811FFFCC9AC2F2 /* libPods-MU.a */; };
/* End PBXBuildFile section */

/* Begin PBXFileReference section */
		1D53776C2A811FFFCC9AC2F2 /* libPods-MU.a */ = {isa = PBXFileReference; explicitFileType = archive.ar; includeInIndex = 0; path = "libPods-MU.a"; sourceTree = BUILT_PRODUCTS_DIR; };
		39EEEC45D970FCD2CDF11E2A /* Pods-MU.debug.xcconfig */ = {isa = PBXFileReference; includeInIndex = 1; lastKnownFileType = text.xcconfig; name = "Pods-MU.debug.xcconfig"; path = "Pods/Target Support Files/Pods-MU/Pods-MU.debug.xcconfig"; sourceTree = "<group>"; };
		7263DCA52062755500B4121B /* MUDeviceCollectionViewCell.h */ = {isa = PBXFileReference; lastKnownFileType = sourcecode.c.h; path = MUDeviceCollectionViewCell.h; sourceTree = "<group>"; };
		7263DCA62062755500B4121B /* MUDeviceCollectionViewCell.m */ = {isa = PBXFileReference; lastKnownFileType = sourcecode.c.objc; path = MUDeviceCollectionViewCell.m; sourceTree = "<group>"; };
		7263DCA820635BCD00B4121B /* BaseCollectionViewCell.h */ = {isa = PBXFileReference; lastKnownFileType = sourcecode.c.h; path = BaseCollectionViewCell.h; sourceTree = "<group>"; };
		7263DCA920635BCD00B4121B /* BaseCollectionViewCell.m */ = {isa = PBXFileReference; lastKnownFileType = sourcecode.c.objc; path = BaseCollectionViewCell.m; sourceTree = "<group>"; };
		7263DCAB20639DFC00B4121B /* MUDeviceItem.h */ = {isa = PBXFileReference; lastKnownFileType = sourcecode.c.h; path = MUDeviceItem.h; sourceTree = "<group>"; };
		7263DCAC20639DFC00B4121B /* MUDeviceItem.m */ = {isa = PBXFileReference; lastKnownFileType = sourcecode.c.objc; path = MUDeviceItem.m; sourceTree = "<group>"; };
		7263DCAE2063A0E900B4121B /* MUDevicesDataSource.h */ = {isa = PBXFileReference; lastKnownFileType = sourcecode.c.h; path = MUDevicesDataSource.h; sourceTree = "<group>"; };
		7263DCAF2063A0E900B4121B /* MUDevicesDataSource.m */ = {isa = PBXFileReference; lastKnownFileType = sourcecode.c.objc; path = MUDevicesDataSource.m; sourceTree = "<group>"; };
		7263DCB12065019400B4121B /* MUStepIndecatorView.h */ = {isa = PBXFileReference; lastKnownFileType = sourcecode.c.h; path = MUStepIndecatorView.h; sourceTree = "<group>"; };
		7263DCB22065019400B4121B /* MUStepIndecatorView.m */ = {isa = PBXFileReference; lastKnownFileType = sourcecode.c.objc; path = MUStepIndecatorView.m; sourceTree = "<group>"; };
		7278C30E205BB92400606A2B /* GlobalConfigModel.h */ = {isa = PBXFileReference; lastKnownFileType = sourcecode.c.h; path = GlobalConfigModel.h; sourceTree = "<group>"; };
		7278C30F205BB92400606A2B /* GlobalConfigModel.m */ = {isa = PBXFileReference; lastKnownFileType = sourcecode.c.objc; path = GlobalConfigModel.m; sourceTree = "<group>"; };
		7278C311205BC19300606A2B /* MURegisterViewController.h */ = {isa = PBXFileReference; lastKnownFileType = sourcecode.c.h; path = MURegisterViewController.h; sourceTree = "<group>"; };
		7278C312205BC19300606A2B /* MURegisterViewController.m */ = {isa = PBXFileReference; lastKnownFileType = sourcecode.c.objc; path = MURegisterViewController.m; sourceTree = "<group>"; };
		7278C31A205BE06200606A2B /* Assets.xcassets */ = {isa = PBXFileReference; lastKnownFileType = folder.assetcatalog; path = Assets.xcassets; sourceTree = "<group>"; };
		72DC1E192043A1460073A205 /* MU.app */ = {isa = PBXFileReference; explicitFileType = wrapper.application; includeInIndex = 0; path = MU.app; sourceTree = BUILT_PRODUCTS_DIR; };
		72DC1E1C2043A1460073A205 /* AppDelegate.h */ = {isa = PBXFileReference; lastKnownFileType = sourcecode.c.h; path = AppDelegate.h; sourceTree = "<group>"; };
		72DC1E1D2043A1460073A205 /* AppDelegate.m */ = {isa = PBXFileReference; lastKnownFileType = sourcecode.c.objc; path = AppDelegate.m; sourceTree = "<group>"; };
		72DC1E2B2043A1460073A205 /* Base */ = {isa = PBXFileReference; lastKnownFileType = file.storyboard; name = Base; path = Base.lproj/LaunchScreen.storyboard; sourceTree = "<group>"; };
		72DC1E2D2043A1460073A205 /* Info.plist */ = {isa = PBXFileReference; lastKnownFileType = text.plist.xml; path = Info.plist; sourceTree = "<group>"; };
		72DC1E2E2043A1460073A205 /* main.m */ = {isa = PBXFileReference; lastKnownFileType = sourcecode.c.objc; path = main.m; sourceTree = "<group>"; };
		72DC1E612043F3180073A205 /* ToastAlertView.h */ = {isa = PBXFileReference; fileEncoding = 4; lastKnownFileType = sourcecode.c.h; path = ToastAlertView.h; sourceTree = "<group>"; };
		72DC1E622043F3180073A205 /* ToastAlertView.m */ = {isa = PBXFileReference; fileEncoding = 4; lastKnownFileType = sourcecode.c.objc; path = ToastAlertView.m; sourceTree = "<group>"; };
		72DC1E642043F3180073A205 /* BaseViewController.m */ = {isa = PBXFileReference; fileEncoding = 4; lastKnownFileType = sourcecode.c.objc; path = BaseViewController.m; sourceTree = "<group>"; };
		72DC1E652043F3180073A205 /* BaseViewController.h */ = {isa = PBXFileReference; fileEncoding = 4; lastKnownFileType = sourcecode.c.h; path = BaseViewController.h; sourceTree = "<group>"; };
		72DC1E6A2043F3180073A205 /* SettingsViewController.m */ = {isa = PBXFileReference; fileEncoding = 4; lastKnownFileType = sourcecode.c.objc; path = SettingsViewController.m; sourceTree = "<group>"; };
		72DC1E6B2043F3180073A205 /* AddDeviceViewController.h */ = {isa = PBXFileReference; fileEncoding = 4; lastKnownFileType = sourcecode.c.h; path = AddDeviceViewController.h; sourceTree = "<group>"; };
		72DC1E6C2043F3180073A205 /* DeviceListViewController.m */ = {isa = PBXFileReference; fileEncoding = 4; lastKnownFileType = sourcecode.c.objc; path = DeviceListViewController.m; sourceTree = "<group>"; };
		72DC1E6D2043F3180073A205 /* AddDeviceViewController.m */ = {isa = PBXFileReference; fileEncoding = 4; lastKnownFileType = sourcecode.c.objc; path = AddDeviceViewController.m; sourceTree = "<group>"; };
		72DC1E6E2043F3180073A205 /* SettingsViewController.h */ = {isa = PBXFileReference; fileEncoding = 4; lastKnownFileType = sourcecode.c.h; path = SettingsViewController.h; sourceTree = "<group>"; };
		72DC1E6F2043F3180073A205 /* DeviceListViewController.h */ = {isa = PBXFileReference; fileEncoding = 4; lastKnownFileType = sourcecode.c.h; path = DeviceListViewController.h; sourceTree = "<group>"; };
		72DC1E762043FB710073A205 /* PrefixHeader.pch */ = {isa = PBXFileReference; fileEncoding = 4; lastKnownFileType = sourcecode.c.h; path = PrefixHeader.pch; sourceTree = "<group>"; };
		72DC1E772044034F0073A205 /* MainTabBarViewController.h */ = {isa = PBXFileReference; lastKnownFileType = sourcecode.c.h; path = MainTabBarViewController.h; sourceTree = "<group>"; };
		72DC1E782044034F0073A205 /* MainTabBarViewController.m */ = {isa = PBXFileReference; lastKnownFileType = sourcecode.c.objc; path = MainTabBarViewController.m; sourceTree = "<group>"; };
		72DC1E8A204521720073A205 /* MULoginViewController.h */ = {isa = PBXFileReference; lastKnownFileType = sourcecode.c.h; path = MULoginViewController.h; sourceTree = "<group>"; };
		72DC1E8B204521720073A205 /* MULoginViewController.m */ = {isa = PBXFileReference; lastKnownFileType = sourcecode.c.objc; path = MULoginViewController.m; sourceTree = "<group>"; };
		72DC1E9420452F980073A205 /* Localizable.strings */ = {isa = PBXFileReference; lastKnownFileType = text.plist.strings; path = Localizable.strings; sourceTree = "<group>"; };
		72DC1E96204533A00073A205 /* InfoPlist.strings */ = {isa = PBXFileReference; lastKnownFileType = text.plist.strings; path = InfoPlist.strings; sourceTree = "<group>"; };
		72DC1E99204537C50073A205 /* xib.strings */ = {isa = PBXFileReference; lastKnownFileType = text.plist.strings; path = xib.strings; sourceTree = "<group>"; };
		72DC1E9D20453B910073A205 /* MULoginModel.h */ = {isa = PBXFileReference; lastKnownFileType = sourcecode.c.h; path = MULoginModel.h; sourceTree = "<group>"; };
		72DC1E9E20453B910073A205 /* MULoginModel.m */ = {isa = PBXFileReference; lastKnownFileType = sourcecode.c.objc; path = MULoginModel.m; sourceTree = "<group>"; };
		C32C35A3D403BB6A1CA723A1 /* Pods-MU.release.xcconfig */ = {isa = PBXFileReference; includeInIndex = 1; lastKnownFileType = text.xcconfig; name = "Pods-MU.release.xcconfig"; path = "Pods/Target Support Files/Pods-MU/Pods-MU.release.xcconfig"; sourceTree = "<group>"; };
/* End PBXFileReference section */

/* Begin PBXFrameworksBuildPhase section */
		72DC1E162043A1460073A205 /* Frameworks */ = {
			isa = PBXFrameworksBuildPhase;
			buildActionMask = 2147483647;
			files = (
				8FECDCF94AF0A6D2DF91A4F1 /* libPods-MU.a in Frameworks */,
			);
			runOnlyForDeploymentPostprocessing = 0;
		};
/* End PBXFrameworksBuildPhase section */

/* Begin PBXGroup section */
		7263DCA12062740B00B4121B /* Devices */ = {
			isa = PBXGroup;
			children = (
				7263DCA42062743800B4121B /* ViewController */,
				7263DCA32062742F00B4121B /* View */,
				7263DCA22062741E00B4121B /* Model */,
			);
			path = Devices;
			sourceTree = "<group>";
		};
		7263DCA22062741E00B4121B /* Model */ = {
			isa = PBXGroup;
			children = (
				7263DCAB20639DFC00B4121B /* MUDeviceItem.h */,
				7263DCAC20639DFC00B4121B /* MUDeviceItem.m */,
				7263DCAE2063A0E900B4121B /* MUDevicesDataSource.h */,
				7263DCAF2063A0E900B4121B /* MUDevicesDataSource.m */,
			);
			path = Model;
			sourceTree = "<group>";
		};
		7263DCA32062742F00B4121B /* View */ = {
			isa = PBXGroup;
			children = (
				7263DCA52062755500B4121B /* MUDeviceCollectionViewCell.h */,
				7263DCA62062755500B4121B /* MUDeviceCollectionViewCell.m */,
			);
			path = View;
			sourceTree = "<group>";
		};
		7263DCA42062743800B4121B /* ViewController */ = {
			isa = PBXGroup;
			children = (
			);
			path = ViewController;
			sourceTree = "<group>";
		};
		72DC1E102043A1460073A205 = {
			isa = PBXGroup;
			children = (
				BA41AF56C1FB589621CC9B2D /* Frameworks */,
				72DC1E1B2043A1460073A205 /* MU */,
				785E959DE44785F166E7980F /* Pods */,
				72DC1E1A2043A1460073A205 /* Products */,
			);
			sourceTree = "<group>";
		};
		72DC1E1A2043A1460073A205 /* Products */ = {
			isa = PBXGroup;
			children = (
				72DC1E192043A1460073A205 /* MU.app */,
			);
			name = Products;
			sourceTree = "<group>";
		};
		72DC1E1B2043A1460073A205 /* MU */ = {
			isa = PBXGroup;
			children = (
				7263DCA12062740B00B4121B /* Devices */,
				72DC1E86204521290073A205 /* Login */,
				72DC1E762043FB710073A205 /* PrefixHeader.pch */,
				72DC1E5E2043F3180073A205 /* Base */,
				72DC1E662043F3180073A205 /* Main */,
				72DC1E1C2043A1460073A205 /* AppDelegate.h */,
				72DC1E1D2043A1460073A205 /* AppDelegate.m */,
				72DC1E2A2043A1460073A205 /* LaunchScreen.storyboard */,
				72DC1E2D2043A1460073A205 /* Info.plist */,
				72DC1E2E2043A1460073A205 /* main.m */,
				72DC1E8D204525240073A205 /* Resource */,
				7278C31A205BE06200606A2B /* Assets.xcassets */,
			);
			path = MU;
			sourceTree = "<group>";
		};
		72DC1E5E2043F3180073A205 /* Base */ = {
			isa = PBXGroup;
			children = (
				72DC1E5F2043F3180073A205 /* Model */,
				72DC1E602043F3180073A205 /* View */,
				72DC1E632043F3180073A205 /* ViewController */,
			);
			path = Base;
			sourceTree = "<group>";
		};
		72DC1E5F2043F3180073A205 /* Model */ = {
			isa = PBXGroup;
			children = (
				7278C30E205BB92400606A2B /* GlobalConfigModel.h */,
				7278C30F205BB92400606A2B /* GlobalConfigModel.m */,
			);
			path = Model;
			sourceTree = "<group>";
		};
		72DC1E602043F3180073A205 /* View */ = {
			isa = PBXGroup;
			children = (
				72DC1E612043F3180073A205 /* ToastAlertView.h */,
				72DC1E622043F3180073A205 /* ToastAlertView.m */,
				7263DCA820635BCD00B4121B /* BaseCollectionViewCell.h */,
				7263DCA920635BCD00B4121B /* BaseCollectionViewCell.m */,
			);
			path = View;
			sourceTree = "<group>";
		};
		72DC1E632043F3180073A205 /* ViewController */ = {
			isa = PBXGroup;
			children = (
				72DC1E652043F3180073A205 /* BaseViewController.h */,
				72DC1E642043F3180073A205 /* BaseViewController.m */,
			);
			path = ViewController;
			sourceTree = "<group>";
		};
		72DC1E662043F3180073A205 /* Main */ = {
			isa = PBXGroup;
			children = (
				72DC1E672043F3180073A205 /* Model */,
				72DC1E682043F3180073A205 /* View */,
				72DC1E692043F3180073A205 /* ViewController */,
			);
			path = Main;
			sourceTree = "<group>";
		};
		72DC1E672043F3180073A205 /* Model */ = {
			isa = PBXGroup;
			children = (
			);
			path = Model;
			sourceTree = "<group>";
		};
		72DC1E682043F3180073A205 /* View */ = {
			isa = PBXGroup;
			children = (
				7263DCB12065019400B4121B /* MUStepIndecatorView.h */,
				7263DCB22065019400B4121B /* MUStepIndecatorView.m */,
			);
			path = View;
			sourceTree = "<group>";
		};
		72DC1E692043F3180073A205 /* ViewController */ = {
			isa = PBXGroup;
			children = (
				72DC1E6B2043F3180073A205 /* AddDeviceViewController.h */,
				72DC1E6D2043F3180073A205 /* AddDeviceViewController.m */,
				72DC1E6F2043F3180073A205 /* DeviceListViewController.h */,
				72DC1E6C2043F3180073A205 /* DeviceListViewController.m */,
				72DC1E6E2043F3180073A205 /* SettingsViewController.h */,
				72DC1E6A2043F3180073A205 /* SettingsViewController.m */,
				72DC1E772044034F0073A205 /* MainTabBarViewController.h */,
				72DC1E782044034F0073A205 /* MainTabBarViewController.m */,
			);
			path = ViewController;
			sourceTree = "<group>";
		};
		72DC1E86204521290073A205 /* Login */ = {
			isa = PBXGroup;
			children = (
				72DC1E88204521500073A205 /* Model */,
				72DC1E87204521500073A205 /* View */,
				72DC1E89204521500073A205 /* ViewController */,
			);
			path = Login;
			sourceTree = "<group>";
		};
		72DC1E87204521500073A205 /* View */ = {
			isa = PBXGroup;
			children = (
			);
			path = View;
			sourceTree = "<group>";
		};
		72DC1E88204521500073A205 /* Model */ = {
			isa = PBXGroup;
			children = (
				72DC1E9D20453B910073A205 /* MULoginModel.h */,
				72DC1E9E20453B910073A205 /* MULoginModel.m */,
			);
			path = Model;
			sourceTree = "<group>";
		};
		72DC1E89204521500073A205 /* ViewController */ = {
			isa = PBXGroup;
			children = (
				72DC1E8A204521720073A205 /* MULoginViewController.h */,
				72DC1E8B204521720073A205 /* MULoginViewController.m */,
				7278C311205BC19300606A2B /* MURegisterViewController.h */,
				7278C312205BC19300606A2B /* MURegisterViewController.m */,
			);
			path = ViewController;
			sourceTree = "<group>";
		};
		72DC1E8D204525240073A205 /* Resource */ = {
			isa = PBXGroup;
			children = (
				72DC1E9420452F980073A205 /* Localizable.strings */,
				72DC1E96204533A00073A205 /* InfoPlist.strings */,
				72DC1E99204537C50073A205 /* xib.strings */,
			);
			path = Resource;
			sourceTree = "<group>";
		};
		785E959DE44785F166E7980F /* Pods */ = {
			isa = PBXGroup;
			children = (
				39EEEC45D970FCD2CDF11E2A /* Pods-MU.debug.xcconfig */,
				C32C35A3D403BB6A1CA723A1 /* Pods-MU.release.xcconfig */,
			);
			name = Pods;
			sourceTree = "<group>";
		};
		BA41AF56C1FB589621CC9B2D /* Frameworks */ = {
			isa = PBXGroup;
			children = (
				1D53776C2A811FFFCC9AC2F2 /* libPods-MU.a */,
			);
			name = Frameworks;
			sourceTree = "<group>";
		};
/* End PBXGroup section */

/* Begin PBXNativeTarget section */
		72DC1E182043A1460073A205 /* MU */ = {
			isa = PBXNativeTarget;
			buildConfigurationList = 72DC1E322043A1460073A205 /* Build configuration list for PBXNativeTarget "MU" */;
			buildPhases = (
				09546CF96DF96C3F7FC75BB3 /* [CP] Check Pods Manifest.lock */,
				72DC1E152043A1460073A205 /* Sources */,
				72DC1E162043A1460073A205 /* Frameworks */,
				72DC1E172043A1460073A205 /* Resources */,
				B18244DD44F5F1E084BEA7B0 /* [CP] Embed Pods Frameworks */,
				09D9E36148923987183D98F4 /* [CP] Copy Pods Resources */,
			);
			buildRules = (
			);
			dependencies = (
			);
			name = MU;
			productName = MU;
			productReference = 72DC1E192043A1460073A205 /* MU.app */;
			productType = "com.apple.product-type.application";
		};
/* End PBXNativeTarget section */

/* Begin PBXProject section */
		72DC1E112043A1460073A205 /* Project object */ = {
			isa = PBXProject;
			attributes = {
				LastUpgradeCheck = 0920;
				ORGANIZATIONNAME = "liang jiajian";
				TargetAttributes = {
					72DC1E182043A1460073A205 = {
						CreatedOnToolsVersion = 9.2;
						ProvisioningStyle = Automatic;
					};
				};
			};
			buildConfigurationList = 72DC1E142043A1460073A205 /* Build configuration list for PBXProject "MU" */;
			compatibilityVersion = "Xcode 8.0";
			developmentRegion = en;
			hasScannedForEncodings = 0;
			knownRegions = (
				en,
				Base,
			);
			mainGroup = 72DC1E102043A1460073A205;
			productRefGroup = 72DC1E1A2043A1460073A205 /* Products */;
			projectDirPath = "";
			projectRoot = "";
			targets = (
				72DC1E182043A1460073A205 /* MU */,
			);
		};
/* End PBXProject section */

/* Begin PBXResourcesBuildPhase section */
		72DC1E172043A1460073A205 /* Resources */ = {
			isa = PBXResourcesBuildPhase;
			buildActionMask = 2147483647;
			files = (
				72DC1E2C2043A1460073A205 /* LaunchScreen.storyboard in Resources */,
				72DC1E97204533A00073A205 /* InfoPlist.strings in Resources */,
				72DC1E9A204537C50073A205 /* xib.strings in Resources */,
				72DC1E9520452F980073A205 /* Localizable.strings in Resources */,
				7278C31B205BE06200606A2B /* Assets.xcassets in Resources */,
			);
			runOnlyForDeploymentPostprocessing = 0;
		};
/* End PBXResourcesBuildPhase section */

/* Begin PBXShellScriptBuildPhase section */
		09546CF96DF96C3F7FC75BB3 /* [CP] Check Pods Manifest.lock */ = {
			isa = PBXShellScriptBuildPhase;
			buildActionMask = 2147483647;
			files = (
			);
			inputPaths = (
			);
			name = "[CP] Check Pods Manifest.lock";
			outputPaths = (
			);
			runOnlyForDeploymentPostprocessing = 0;
			shellPath = /bin/sh;
			shellScript = "diff \"${PODS_PODFILE_DIR_PATH}/Podfile.lock\" \"${PODS_ROOT}/Manifest.lock\" > /dev/null\nif [ $? != 0 ] ; then\n    # print error to STDERR\n    echo \"error: The sandbox is not in sync with the Podfile.lock. Run 'pod install' or update your CocoaPods installation.\" >&2\n    exit 1\nfi\n";
			showEnvVarsInLog = 0;
		};
		09D9E36148923987183D98F4 /* [CP] Copy Pods Resources */ = {
			isa = PBXShellScriptBuildPhase;
			buildActionMask = 2147483647;
			files = (
			);
			inputPaths = (
			);
			name = "[CP] Copy Pods Resources";
			outputPaths = (
			);
			runOnlyForDeploymentPostprocessing = 0;
			shellPath = /bin/sh;
			shellScript = "\"${SRCROOT}/Pods/Target Support Files/Pods-MU/Pods-MU-resources.sh\"\n";
			showEnvVarsInLog = 0;
		};
		B18244DD44F5F1E084BEA7B0 /* [CP] Embed Pods Frameworks */ = {
			isa = PBXShellScriptBuildPhase;
			buildActionMask = 2147483647;
			files = (
			);
			inputPaths = (
			);
			name = "[CP] Embed Pods Frameworks";
			outputPaths = (
			);
			runOnlyForDeploymentPostprocessing = 0;
			shellPath = /bin/sh;
			shellScript = "\"${SRCROOT}/Pods/Target Support Files/Pods-MU/Pods-MU-frameworks.sh\"\n";
			showEnvVarsInLog = 0;
		};
/* End PBXShellScriptBuildPhase section */

/* Begin PBXSourcesBuildPhase section */
		72DC1E152043A1460073A205 /* Sources */ = {
			isa = PBXSourcesBuildPhase;
			buildActionMask = 2147483647;
			files = (
				72DC1E1E2043A1460073A205 /* AppDelegate.m in Sources */,
				72DC1E712043F3180073A205 /* BaseViewController.m in Sources */,
				72DC1E732043F3180073A205 /* DeviceListViewController.m in Sources */,
				7278C310205BB92400606A2B /* GlobalConfigModel.m in Sources */,
				7263DCAD20639DFC00B4121B /* MUDeviceItem.m in Sources */,
				7263DCB32065019400B4121B /* MUStepIndecatorView.m in Sources */,
				72DC1E742043F3180073A205 /* AddDeviceViewController.m in Sources */,
				7263DCAA20635BCD00B4121B /* BaseCollectionViewCell.m in Sources */,
				72DC1E722043F3180073A205 /* SettingsViewController.m in Sources */,
				72DC1E9F20453B910073A205 /* MULoginModel.m in Sources */,
				7278C313205BC19300606A2B /* MURegisterViewController.m in Sources */,
				7263DCA72062755500B4121B /* MUDeviceCollectionViewCell.m in Sources */,
				72DC1E8C204521720073A205 /* MULoginViewController.m in Sources */,
				72DC1E792044034F0073A205 /* MainTabBarViewController.m in Sources */,
				72DC1E702043F3180073A205 /* ToastAlertView.m in Sources */,
				7263DCB02063A0E900B4121B /* MUDevicesDataSource.m in Sources */,
				72DC1E2F2043A1460073A205 /* main.m in Sources */,
			);
			runOnlyForDeploymentPostprocessing = 0;
		};
/* End PBXSourcesBuildPhase section */

/* Begin PBXVariantGroup section */
		72DC1E2A2043A1460073A205 /* LaunchScreen.storyboard */ = {
			isa = PBXVariantGroup;
			children = (
				72DC1E2B2043A1460073A205 /* Base */,
			);
			name = LaunchScreen.storyboard;
			sourceTree = "<group>";
		};
/* End PBXVariantGroup section */

/* Begin XCBuildConfiguration section */
		72DC1E302043A1460073A205 /* Debug */ = {
			isa = XCBuildConfiguration;
			buildSettings = {
				ALWAYS_SEARCH_USER_PATHS = NO;
				CLANG_ANALYZER_NONNULL = YES;
				CLANG_ANALYZER_NUMBER_OBJECT_CONVERSION = YES_AGGRESSIVE;
				CLANG_CXX_LANGUAGE_STANDARD = "gnu++14";
				CLANG_CXX_LIBRARY = "libc++";
				CLANG_ENABLE_MODULES = YES;
				CLANG_ENABLE_OBJC_ARC = YES;
				CLANG_WARN_BLOCK_CAPTURE_AUTORELEASING = YES;
				CLANG_WARN_BOOL_CONVERSION = YES;
				CLANG_WARN_COMMA = YES;
				CLANG_WARN_CONSTANT_CONVERSION = YES;
				CLANG_WARN_DIRECT_OBJC_ISA_USAGE = YES_ERROR;
				CLANG_WARN_DOCUMENTATION_COMMENTS = YES;
				CLANG_WARN_EMPTY_BODY = YES;
				CLANG_WARN_ENUM_CONVERSION = YES;
				CLANG_WARN_INFINITE_RECURSION = YES;
				CLANG_WARN_INT_CONVERSION = YES;
				CLANG_WARN_NON_LITERAL_NULL_CONVERSION = YES;
				CLANG_WARN_OBJC_LITERAL_CONVERSION = YES;
				CLANG_WARN_OBJC_ROOT_CLASS = YES_ERROR;
				CLANG_WARN_RANGE_LOOP_ANALYSIS = YES;
				CLANG_WARN_STRICT_PROTOTYPES = YES;
				CLANG_WARN_SUSPICIOUS_MOVE = YES;
				CLANG_WARN_UNGUARDED_AVAILABILITY = YES_AGGRESSIVE;
				CLANG_WARN_UNREACHABLE_CODE = YES;
				CLANG_WARN__DUPLICATE_METHOD_MATCH = YES;
				CODE_SIGN_IDENTITY = "iPhone Developer";
				COPY_PHASE_STRIP = NO;
				DEBUG_INFORMATION_FORMAT = dwarf;
				ENABLE_STRICT_OBJC_MSGSEND = YES;
				ENABLE_TESTABILITY = YES;
				GCC_C_LANGUAGE_STANDARD = gnu11;
				GCC_DYNAMIC_NO_PIC = NO;
				GCC_NO_COMMON_BLOCKS = YES;
				GCC_OPTIMIZATION_LEVEL = 0;
				GCC_PREPROCESSOR_DEFINITIONS = (
					"DEBUG=1",
					"$(inherited)",
				);
				GCC_WARN_64_TO_32_BIT_CONVERSION = YES;
				GCC_WARN_ABOUT_RETURN_TYPE = YES_ERROR;
				GCC_WARN_UNDECLARED_SELECTOR = YES;
				GCC_WARN_UNINITIALIZED_AUTOS = YES_AGGRESSIVE;
				GCC_WARN_UNUSED_FUNCTION = YES;
				GCC_WARN_UNUSED_VARIABLE = YES;
				IPHONEOS_DEPLOYMENT_TARGET = 11.2;
				MTL_ENABLE_DEBUG_INFO = YES;
				ONLY_ACTIVE_ARCH = YES;
				SDKROOT = iphoneos;
			};
			name = Debug;
		};
		72DC1E312043A1460073A205 /* Release */ = {
			isa = XCBuildConfiguration;
			buildSettings = {
				ALWAYS_SEARCH_USER_PATHS = NO;
				CLANG_ANALYZER_NONNULL = YES;
				CLANG_ANALYZER_NUMBER_OBJECT_CONVERSION = YES_AGGRESSIVE;
				CLANG_CXX_LANGUAGE_STANDARD = "gnu++14";
				CLANG_CXX_LIBRARY = "libc++";
				CLANG_ENABLE_MODULES = YES;
				CLANG_ENABLE_OBJC_ARC = YES;
				CLANG_WARN_BLOCK_CAPTURE_AUTORELEASING = YES;
				CLANG_WARN_BOOL_CONVERSION = YES;
				CLANG_WARN_COMMA = YES;
				CLANG_WARN_CONSTANT_CONVERSION = YES;
				CLANG_WARN_DIRECT_OBJC_ISA_USAGE = YES_ERROR;
				CLANG_WARN_DOCUMENTATION_COMMENTS = YES;
				CLANG_WARN_EMPTY_BODY = YES;
				CLANG_WARN_ENUM_CONVERSION = YES;
				CLANG_WARN_INFINITE_RECURSION = YES;
				CLANG_WARN_INT_CONVERSION = YES;
				CLANG_WARN_NON_LITERAL_NULL_CONVERSION = YES;
				CLANG_WARN_OBJC_LITERAL_CONVERSION = YES;
				CLANG_WARN_OBJC_ROOT_CLASS = YES_ERROR;
				CLANG_WARN_RANGE_LOOP_ANALYSIS = YES;
				CLANG_WARN_STRICT_PROTOTYPES = YES;
				CLANG_WARN_SUSPICIOUS_MOVE = YES;
				CLANG_WARN_UNGUARDED_AVAILABILITY = YES_AGGRESSIVE;
				CLANG_WARN_UNREACHABLE_CODE = YES;
				CLANG_WARN__DUPLICATE_METHOD_MATCH = YES;
				CODE_SIGN_IDENTITY = "iPhone Developer";
				COPY_PHASE_STRIP = NO;
				DEBUG_INFORMATION_FORMAT = "dwarf-with-dsym";
				ENABLE_NS_ASSERTIONS = NO;
				ENABLE_STRICT_OBJC_MSGSEND = YES;
				GCC_C_LANGUAGE_STANDARD = gnu11;
				GCC_NO_COMMON_BLOCKS = YES;
				GCC_WARN_64_TO_32_BIT_CONVERSION = YES;
				GCC_WARN_ABOUT_RETURN_TYPE = YES_ERROR;
				GCC_WARN_UNDECLARED_SELECTOR = YES;
				GCC_WARN_UNINITIALIZED_AUTOS = YES_AGGRESSIVE;
				GCC_WARN_UNUSED_FUNCTION = YES;
				GCC_WARN_UNUSED_VARIABLE = YES;
				IPHONEOS_DEPLOYMENT_TARGET = 11.2;
				MTL_ENABLE_DEBUG_INFO = NO;
				SDKROOT = iphoneos;
				VALIDATE_PRODUCT = YES;
			};
			name = Release;
		};
		72DC1E332043A1460073A205 /* Debug */ = {
			isa = XCBuildConfiguration;
			baseConfigurationReference = 39EEEC45D970FCD2CDF11E2A /* Pods-MU.debug.xcconfig */;
			buildSettings = {
				ASSETCATALOG_COMPILER_APPICON_NAME = AppIcon;
				CODE_SIGN_STYLE = Automatic;
				DEVELOPMENT_TEAM = RA62729XKZ;
				GCC_INCREASE_PRECOMPILED_HEADER_SHARING = NO;
				GCC_PRECOMPILE_PREFIX_HEADER = YES;
				GCC_PREFIX_HEADER = "$(SRCROOT)/MU/PrefixHeader.pch";
				INFOPLIST_FILE = MU/Info.plist;
				IPHONEOS_DEPLOYMENT_TARGET = 11.2;
				LD_RUNPATH_SEARCH_PATHS = "$(inherited) @executable_path/Frameworks";
				PRODUCT_BUNDLE_IDENTIFIER = cn.ljj.test.MU;
				PRODUCT_NAME = "$(TARGET_NAME)";
				TARGETED_DEVICE_FAMILY = 1;
			};
			name = Debug;
		};
		72DC1E342043A1460073A205 /* Release */ = {
			isa = XCBuildConfiguration;
			baseConfigurationReference = C32C35A3D403BB6A1CA723A1 /* Pods-MU.release.xcconfig */;
			buildSettings = {
				ASSETCATALOG_COMPILER_APPICON_NAME = AppIcon;
				CODE_SIGN_STYLE = Automatic;
				DEVELOPMENT_TEAM = RA62729XKZ;
				GCC_INCREASE_PRECOMPILED_HEADER_SHARING = NO;
				GCC_PRECOMPILE_PREFIX_HEADER = YES;
				GCC_PREFIX_HEADER = "$(SRCROOT)/MU/PrefixHeader.pch";
				INFOPLIST_FILE = MU/Info.plist;
				IPHONEOS_DEPLOYMENT_TARGET = 11.2;
				LD_RUNPATH_SEARCH_PATHS = "$(inherited) @executable_path/Frameworks";
				PRODUCT_BUNDLE_IDENTIFIER = cn.ljj.test.MU;
				PRODUCT_NAME = "$(TARGET_NAME)";
				TARGETED_DEVICE_FAMILY = 1;
			};
			name = Release;
		};
/* End XCBuildConfiguration section */

/* Begin XCConfigurationList section */
		72DC1E142043A1460073A205 /* Build configuration list for PBXProject "MU" */ = {
			isa = XCConfigurationList;
			buildConfigurations = (
				72DC1E302043A1460073A205 /* Debug */,
				72DC1E312043A1460073A205 /* Release */,
			);
			defaultConfigurationIsVisible = 0;
			defaultConfigurationName = Release;
		};
		72DC1E322043A1460073A205 /* Build configuration list for PBXNativeTarget "MU" */ = {
			isa = XCConfigurationList;
			buildConfigurations = (
				72DC1E332043A1460073A205 /* Debug */,
				72DC1E342043A1460073A205 /* Release */,
			);
			defaultConfigurationIsVisible = 0;
			defaultConfigurationName = Release;
		};
/* End XCConfigurationList section */
	};
	rootObject = 72DC1E112043A1460073A205 /* Project object */;
}
